// !$*UTF8*$!
{
	archiveVersion = 1;
	classes = {
	};
	objectVersion = 46;
	objects = {

/* Begin PBXBuildFile section */
		4A742BB71A8830EA001EF898 /* Main.storyboard in Resources */ = {isa = PBXBuildFile; fileRef = 4A742BB61A8830EA001EF898 /* Main.storyboard */; };
		4A742BBC1A8831D7001EF898 /* dictionary.m in Sources */ = {isa = PBXBuildFile; fileRef = 4A742BBB1A8831D7001EF898 /* dictionary.m */; };
		9D6540C51A817C5700F45F4B /* AppDelegate.swift in Sources */ = {isa = PBXBuildFile; fileRef = 9D6540C41A817C5700F45F4B /* AppDelegate.swift */; };
		9D6540CC1A817C5700F45F4B /* Images.xcassets in Resources */ = {isa = PBXBuildFile; fileRef = 9D6540CB1A817C5700F45F4B /* Images.xcassets */; };
		9D6540CF1A817C5700F45F4B /* LaunchScreen.xib in Resources */ = {isa = PBXBuildFile; fileRef = 9D6540CD1A817C5700F45F4B /* LaunchScreen.xib */; };
		9D6540DB1A817C5700F45F4B /* MarineBioViewControllerTests.swift in Sources */ = {isa = PBXBuildFile; fileRef = 9D6540DA1A817C5700F45F4B /* MarineBioViewControllerTests.swift */; };
		9D6540E71A817CEF00F45F4B /* MarineBioViewController.swift in Sources */ = {isa = PBXBuildFile; fileRef = 9D6540E61A817CEF00F45F4B /* MarineBioViewController.swift */; };
		9D6540E91A817D3200F45F4B /* ResponsiveTextFieldViewController.swift in Sources */ = {isa = PBXBuildFile; fileRef = 9D6540E81A817D3200F45F4B /* ResponsiveTextFieldViewController.swift */; };
		9D6540EB1A817F2500F45F4B /* ViewController.swift in Sources */ = {isa = PBXBuildFile; fileRef = 9D6540EA1A817F2500F45F4B /* ViewController.swift */; };
/* End PBXBuildFile section */

/* Begin PBXContainerItemProxy section */
		9D6540D51A817C5700F45F4B /* PBXContainerItemProxy */ = {
			isa = PBXContainerItemProxy;
			containerPortal = 9D6540B71A817C5700F45F4B /* Project object */;
			proxyType = 1;
			remoteGlobalIDString = 9D6540BE1A817C5700F45F4B;
			remoteInfo = MarineBioViewController;
		};
/* End PBXContainerItemProxy section */

/* Begin PBXFileReference section */
		4A742BB61A8830EA001EF898 /* Main.storyboard */ = {isa = PBXFileReference; fileEncoding = 4; lastKnownFileType = file.storyboard; path = Main.storyboard; sourceTree = "<group>"; };
		4A742BB91A8831B7001EF898 /* dictionary.h */ = {isa = PBXFileReference; lastKnownFileType = sourcecode.c.h; path = dictionary.h; sourceTree = "<group>"; };
		4A742BBA1A8831D7001EF898 /* MarineBioViewController-Bridging-Header.h */ = {isa = PBXFileReference; lastKnownFileType = sourcecode.c.h; path = "MarineBioViewController-Bridging-Header.h"; sourceTree = "<group>"; };
		4A742BBB1A8831D7001EF898 /* dictionary.m */ = {isa = PBXFileReference; fileEncoding = 4; lastKnownFileType = sourcecode.c.objc; path = dictionary.m; sourceTree = "<group>"; };
		9D6540BF1A817C5700F45F4B /* MarineBioViewController.app */ = {isa = PBXFileReference; explicitFileType = wrapper.application; includeInIndex = 0; path = MarineBioViewController.app; sourceTree = BUILT_PRODUCTS_DIR; };
		9D6540C31A817C5700F45F4B /* Info.plist */ = {isa = PBXFileReference; lastKnownFileType = text.plist.xml; path = Info.plist; sourceTree = "<group>"; };
		9D6540C41A817C5700F45F4B /* AppDelegate.swift */ = {isa = PBXFileReference; lastKnownFileType = sourcecode.swift; path = AppDelegate.swift; sourceTree = "<group>"; };
		9D6540CB1A817C5700F45F4B /* Images.xcassets */ = {isa = PBXFileReference; lastKnownFileType = folder.assetcatalog; path = Images.xcassets; sourceTree = "<group>"; };
		9D6540CE1A817C5700F45F4B /* Base */ = {isa = PBXFileReference; lastKnownFileType = file.xib; name = Base; path = Base.lproj/LaunchScreen.xib; sourceTree = "<group>"; };
		9D6540D41A817C5700F45F4B /* MarineBioViewControllerTests.xctest */ = {isa = PBXFileReference; explicitFileType = wrapper.cfbundle; includeInIndex = 0; path = MarineBioViewControllerTests.xctest; sourceTree = BUILT_PRODUCTS_DIR; };
		9D6540D91A817C5700F45F4B /* Info.plist */ = {isa = PBXFileReference; lastKnownFileType = text.plist.xml; path = Info.plist; sourceTree = "<group>"; };
		9D6540DA1A817C5700F45F4B /* MarineBioViewControllerTests.swift */ = {isa = PBXFileReference; lastKnownFileType = sourcecode.swift; path = MarineBioViewControllerTests.swift; sourceTree = "<group>"; };
		9D6540E61A817CEF00F45F4B /* MarineBioViewController.swift */ = {isa = PBXFileReference; fileEncoding = 4; lastKnownFileType = sourcecode.swift; path = MarineBioViewController.swift; sourceTree = "<group>"; };
		9D6540E81A817D3200F45F4B /* ResponsiveTextFieldViewController.swift */ = {isa = PBXFileReference; fileEncoding = 4; lastKnownFileType = sourcecode.swift; path = ResponsiveTextFieldViewController.swift; sourceTree = "<group>"; };
		9D6540EA1A817F2500F45F4B /* ViewController.swift */ = {isa = PBXFileReference; fileEncoding = 4; lastKnownFileType = sourcecode.swift; path = ViewController.swift; sourceTree = "<group>"; };
/* End PBXFileReference section */

/* Begin PBXFrameworksBuildPhase section */
		9D6540BC1A817C5700F45F4B /* Frameworks */ = {
			isa = PBXFrameworksBuildPhase;
			buildActionMask = 2147483647;
			files = (
			);
			runOnlyForDeploymentPostprocessing = 0;
		};
		9D6540D11A817C5700F45F4B /* Frameworks */ = {
			isa = PBXFrameworksBuildPhase;
			buildActionMask = 2147483647;
			files = (
			);
			runOnlyForDeploymentPostprocessing = 0;
		};
/* End PBXFrameworksBuildPhase section */

/* Begin PBXGroup section */
		9D6540B61A817C5700F45F4B = {
			isa = PBXGroup;
			children = (
				9D6540C11A817C5700F45F4B /* MarineBioViewController */,
				9D6540D71A817C5700F45F4B /* MarineBioViewControllerTests */,
				9D6540C01A817C5700F45F4B /* Products */,
			);
			sourceTree = "<group>";
		};
		9D6540C01A817C5700F45F4B /* Products */ = {
			isa = PBXGroup;
			children = (
				9D6540BF1A817C5700F45F4B /* MarineBioViewController.app */,
				9D6540D41A817C5700F45F4B /* MarineBioViewControllerTests.xctest */,
			);
			name = Products;
			sourceTree = "<group>";
		};
		9D6540C11A817C5700F45F4B /* MarineBioViewController */ = {
			isa = PBXGroup;
			children = (
				9D6540EA1A817F2500F45F4B /* ViewController.swift */,
				4A742BBB1A8831D7001EF898 /* dictionary.m */,
				9D6540E61A817CEF00F45F4B /* MarineBioViewController.swift */,
				9D6540E81A817D3200F45F4B /* ResponsiveTextFieldViewController.swift */,
				9D6540C41A817C5700F45F4B /* AppDelegate.swift */,
				9D6540CB1A817C5700F45F4B /* Images.xcassets */,
				4A742BB61A8830EA001EF898 /* Main.storyboard */,
				9D6540CD1A817C5700F45F4B /* LaunchScreen.xib */,
				9D6540C21A817C5700F45F4B /* Supporting Files */,
				4A742BB91A8831B7001EF898 /* dictionary.h */,
				4A742BBA1A8831D7001EF898 /* MarineBioViewController-Bridging-Header.h */,
			);
			path = MarineBioViewController;
			sourceTree = "<group>";
		};
		9D6540C21A817C5700F45F4B /* Supporting Files */ = {
			isa = PBXGroup;
			children = (
				9D6540C31A817C5700F45F4B /* Info.plist */,
			);
			name = "Supporting Files";
			sourceTree = "<group>";
		};
		9D6540D71A817C5700F45F4B /* MarineBioViewControllerTests */ = {
			isa = PBXGroup;
			children = (
				9D6540DA1A817C5700F45F4B /* MarineBioViewControllerTests.swift */,
				9D6540D81A817C5700F45F4B /* Supporting Files */,
			);
			path = MarineBioViewControllerTests;
			sourceTree = "<group>";
		};
		9D6540D81A817C5700F45F4B /* Supporting Files */ = {
			isa = PBXGroup;
			children = (
				9D6540D91A817C5700F45F4B /* Info.plist */,
			);
			name = "Supporting Files";
			sourceTree = "<group>";
		};
/* End PBXGroup section */

/* Begin PBXNativeTarget section */
		9D6540BE1A817C5700F45F4B /* MarineBioViewController */ = {
			isa = PBXNativeTarget;
			buildConfigurationList = 9D6540DE1A817C5700F45F4B /* Build configuration list for PBXNativeTarget "MarineBioViewController" */;
			buildPhases = (
				9D6540BB1A817C5700F45F4B /* Sources */,
				9D6540BC1A817C5700F45F4B /* Frameworks */,
				9D6540BD1A817C5700F45F4B /* Resources */,
			);
			buildRules = (
			);
			dependencies = (
			);
			name = MarineBioViewController;
			productName = MarineBioViewController;
			productReference = 9D6540BF1A817C5700F45F4B /* MarineBioViewController.app */;
			productType = "com.apple.product-type.application";
		};
		9D6540D31A817C5700F45F4B /* MarineBioViewControllerTests */ = {
			isa = PBXNativeTarget;
			buildConfigurationList = 9D6540E11A817C5700F45F4B /* Build configuration list for PBXNativeTarget "MarineBioViewControllerTests" */;
			buildPhases = (
				9D6540D01A817C5700F45F4B /* Sources */,
				9D6540D11A817C5700F45F4B /* Frameworks */,
				9D6540D21A817C5700F45F4B /* Resources */,
			);
			buildRules = (
			);
			dependencies = (
				9D6540D61A817C5700F45F4B /* PBXTargetDependency */,
			);
			name = MarineBioViewControllerTests;
			productName = MarineBioViewControllerTests;
			productReference = 9D6540D41A817C5700F45F4B /* MarineBioViewControllerTests.xctest */;
			productType = "com.apple.product-type.bundle.unit-test";
		};
/* End PBXNativeTarget section */

/* Begin PBXProject section */
		9D6540B71A817C5700F45F4B /* Project object */ = {
			isa = PBXProject;
			attributes = {
				LastUpgradeCheck = 0610;
				ORGANIZATIONNAME = "Chips&Tea";
				TargetAttributes = {
					9D6540BE1A817C5700F45F4B = {
						CreatedOnToolsVersion = 6.1.1;
					};
					9D6540D31A817C5700F45F4B = {
						CreatedOnToolsVersion = 6.1.1;
						TestTargetID = 9D6540BE1A817C5700F45F4B;
					};
				};
			};
			buildConfigurationList = 9D6540BA1A817C5700F45F4B /* Build configuration list for PBXProject "MarineBioViewController" */;
			compatibilityVersion = "Xcode 3.2";
			developmentRegion = English;
			hasScannedForEncodings = 0;
			knownRegions = (
				en,
				Base,
			);
			mainGroup = 9D6540B61A817C5700F45F4B;
			productRefGroup = 9D6540C01A817C5700F45F4B /* Products */;
			projectDirPath = "";
			projectRoot = "";
			targets = (
				9D6540BE1A817C5700F45F4B /* MarineBioViewController */,
				9D6540D31A817C5700F45F4B /* MarineBioViewControllerTests */,
			);
		};
/* End PBXProject section */

/* Begin PBXResourcesBuildPhase section */
		9D6540BD1A817C5700F45F4B /* Resources */ = {
			isa = PBXResourcesBuildPhase;
			buildActionMask = 2147483647;
			files = (
				9D6540CF1A817C5700F45F4B /* LaunchScreen.xib in Resources */,
				9D6540CC1A817C5700F45F4B /* Images.xcassets in Resources */,
				4A742BB71A8830EA001EF898 /* Main.storyboard in Resources */,
			);
			runOnlyForDeploymentPostprocessing = 0;
		};
		9D6540D21A817C5700F45F4B /* Resources */ = {
			isa = PBXResourcesBuildPhase;
			buildActionMask = 2147483647;
			files = (
			);
			runOnlyForDeploymentPostprocessing = 0;
		};
/* End PBXResourcesBuildPhase section */

/* Begin PBXSourcesBuildPhase section */
		9D6540BB1A817C5700F45F4B /* Sources */ = {
			isa = PBXSourcesBuildPhase;
			buildActionMask = 2147483647;
			files = (
				4A742BBC1A8831D7001EF898 /* dictionary.m in Sources */,
				9D6540E91A817D3200F45F4B /* ResponsiveTextFieldViewController.swift in Sources */,
				9D6540E71A817CEF00F45F4B /* MarineBioViewController.swift in Sources */,
				9D6540EB1A817F2500F45F4B /* ViewController.swift in Sources */,
				9D6540C51A817C5700F45F4B /* AppDelegate.swift in Sources */,
			);
			runOnlyForDeploymentPostprocessing = 0;
		};
		9D6540D01A817C5700F45F4B /* Sources */ = {
			isa = PBXSourcesBuildPhase;
			buildActionMask = 2147483647;
			files = (
				9D6540DB1A817C5700F45F4B /* MarineBioViewControllerTests.swift in Sources */,
			);
			runOnlyForDeploymentPostprocessing = 0;
		};
/* End PBXSourcesBuildPhase section */

/* Begin PBXTargetDependency section */
		9D6540D61A817C5700F45F4B /* PBXTargetDependency */ = {
			isa = PBXTargetDependency;
			target = 9D6540BE1A817C5700F45F4B /* MarineBioViewController */;
			targetProxy = 9D6540D51A817C5700F45F4B /* PBXContainerItemProxy */;
		};
/* End PBXTargetDependency section */

/* Begin PBXVariantGroup section */
		9D6540CD1A817C5700F45F4B /* LaunchScreen.xib */ = {
			isa = PBXVariantGroup;
			children = (
				9D6540CE1A817C5700F45F4B /* Base */,
			);
			name = LaunchScreen.xib;
			sourceTree = "<group>";
		};
/* End PBXVariantGroup section */

/* Begin XCBuildConfiguration section */
		9D6540DC1A817C5700F45F4B /* Debug */ = {
			isa = XCBuildConfiguration;
			buildSettings = {
				ALWAYS_SEARCH_USER_PATHS = NO;
				CLANG_CXX_LANGUAGE_STANDARD = "gnu++0x";
				CLANG_CXX_LIBRARY = "libc++";
				CLANG_ENABLE_MODULES = YES;
				CLANG_ENABLE_OBJC_ARC = YES;
				CLANG_WARN_BOOL_CONVERSION = YES;
				CLANG_WARN_CONSTANT_CONVERSION = YES;
				CLANG_WARN_DIRECT_OBJC_ISA_USAGE = YES_ERROR;
				CLANG_WARN_EMPTY_BODY = YES;
				CLANG_WARN_ENUM_CONVERSION = YES;
				CLANG_WARN_INT_CONVERSION = YES;
				CLANG_WARN_OBJC_ROOT_CLASS = YES_ERROR;
				CLANG_WARN_UNREACHABLE_CODE = YES;
				CLANG_WARN__DUPLICATE_METHOD_MATCH = YES;
				"CODE_SIGN_IDENTITY[sdk=iphoneos*]" = "iPhone Developer";
				COPY_PHASE_STRIP = NO;
				ENABLE_STRICT_OBJC_MSGSEND = YES;
				GCC_C_LANGUAGE_STANDARD = gnu99;
				GCC_DYNAMIC_NO_PIC = NO;
				GCC_OPTIMIZATION_LEVEL = 0;
				GCC_PREPROCESSOR_DEFINITIONS = (
					"DEBUG=1",
					"$(inherited)",
				);
				GCC_SYMBOLS_PRIVATE_EXTERN = NO;
				GCC_WARN_64_TO_32_BIT_CONVERSION = YES;
				GCC_WARN_ABOUT_RETURN_TYPE = YES_ERROR;
				GCC_WARN_UNDECLARED_SELECTOR = YES;
				GCC_WARN_UNINITIALIZED_AUTOS = YES_AGGRESSIVE;
				GCC_WARN_UNUSED_FUNCTION = YES;
				GCC_WARN_UNUSED_VARIABLE = YES;
				IPHONEOS_DEPLOYMENT_TARGET = 8.1;
				MTL_ENABLE_DEBUG_INFO = YES;
				ONLY_ACTIVE_ARCH = YES;
				SDKROOT = iphoneos;
				SWIFT_OPTIMIZATION_LEVEL = "-Onone";
				TARGETED_DEVICE_FAMILY = 2;
			};
			name = Debug;
		};
		9D6540DD1A817C5700F45F4B /* Release */ = {
			isa = XCBuildConfiguration;
			buildSettings = {
				ALWAYS_SEARCH_USER_PATHS = NO;
				CLANG_CXX_LANGUAGE_STANDARD = "gnu++0x";
				CLANG_CXX_LIBRARY = "libc++";
				CLANG_ENABLE_MODULES = YES;
				CLANG_ENABLE_OBJC_ARC = YES;
				CLANG_WARN_BOOL_CONVERSION = YES;
				CLANG_WARN_CONSTANT_CONVERSION = YES;
				CLANG_WARN_DIRECT_OBJC_ISA_USAGE = YES_ERROR;
				CLANG_WARN_EMPTY_BODY = YES;
				CLANG_WARN_ENUM_CONVERSION = YES;
				CLANG_WARN_INT_CONVERSION = YES;
				CLANG_WARN_OBJC_ROOT_CLASS = YES_ERROR;
				CLANG_WARN_UNREACHABLE_CODE = YES;
				CLANG_WARN__DUPLICATE_METHOD_MATCH = YES;
				"CODE_SIGN_IDENTITY[sdk=iphoneos*]" = "iPhone Developer";
				COPY_PHASE_STRIP = YES;
				ENABLE_NS_ASSERTIONS = NO;
				ENABLE_STRICT_OBJC_MSGSEND = YES;
				GCC_C_LANGUAGE_STANDARD = gnu99;
				GCC_WARN_64_TO_32_BIT_CONVERSION = YES;
				GCC_WARN_ABOUT_RETURN_TYPE = YES_ERROR;
				GCC_WARN_UNDECLARED_SELECTOR = YES;
				GCC_WARN_UNINITIALIZED_AUTOS = YES_AGGRESSIVE;
				GCC_WARN_UNUSED_FUNCTION = YES;
				GCC_WARN_UNUSED_VARIABLE = YES;
				IPHONEOS_DEPLOYMENT_TARGET = 8.1;
				MTL_ENABLE_DEBUG_INFO = NO;
				SDKROOT = iphoneos;
				TARGETED_DEVICE_FAMILY = 2;
				VALIDATE_PRODUCT = YES;
			};
			name = Release;
		};
		9D6540DF1A817C5700F45F4B /* Debug */ = {
			isa = XCBuildConfiguration;
			buildSettings = {
				ASSETCATALOG_COMPILER_APPICON_NAME = AppIcon;
				CLANG_ENABLE_MODULES = YES;
				INFOPLIST_FILE = MarineBioViewController/Info.plist;
				LD_RUNPATH_SEARCH_PATHS = "$(inherited) @executable_path/Frameworks";
				PRODUCT_NAME = MarineBioViewController;
				SWIFT_OBJC_BRIDGING_HEADER = "MarineBioViewController/MarineBioViewController-Bridging-Header.h";
				SWIFT_OPTIMIZATION_LEVEL = "-Onone";
			};
			name = Debug;
		};
		9D6540E01A817C5700F45F4B /* Release */ = {
			isa = XCBuildConfiguration;
			buildSettings = {
				ASSETCATALOG_COMPILER_APPICON_NAME = AppIcon;
				CLANG_ENABLE_MODULES = YES;
				INFOPLIST_FILE = MarineBioViewController/Info.plist;
				LD_RUNPATH_SEARCH_PATHS = "$(inherited) @executable_path/Frameworks";
				PRODUCT_NAME = MarineBioViewController;
				SWIFT_OBJC_BRIDGING_HEADER = "MarineBioViewController/MarineBioViewController-Bridging-Header.h";
			};
			name = Release;
		};
		9D6540E21A817C5700F45F4B /* Debug */ = {
			isa = XCBuildConfiguration;
			buildSettings = {
				BUNDLE_LOADER = "$(TEST_HOST)";
				FRAMEWORK_SEARCH_PATHS = (
					"$(SDKROOT)/Developer/Library/Frameworks",
					"$(inherited)",
				);
				GCC_PREPROCESSOR_DEFINITIONS = (
					"DEBUG=1",
					"$(inherited)",
				);
				INFOPLIST_FILE = MarineBioViewControllerTests/Info.plist;
				LD_RUNPATH_SEARCH_PATHS = "$(inherited) @executable_path/Frameworks @loader_path/Frameworks";
				PRODUCT_NAME = MarineBioViewControllerTests;
				TEST_HOST = "$(BUILT_PRODUCTS_DIR)/MarineBioViewController.app/MarineBioViewController";
			};
			name = Debug;
		};
		9D6540E31A817C5700F45F4B /* Release */ = {
			isa = XCBuildConfiguration;
			buildSettings = {
				BUNDLE_LOADER = "$(TEST_HOST)";
				FRAMEWORK_SEARCH_PATHS = (
					"$(SDKROOT)/Developer/Library/Frameworks",
					"$(inherited)",
				);
				INFOPLIST_FILE = MarineBioViewControllerTests/Info.plist;
				LD_RUNPATH_SEARCH_PATHS = "$(inherited) @executable_path/Frameworks @loader_path/Frameworks";
				PRODUCT_NAME = MarineBioViewControllerTests;
				TEST_HOST = "$(BUILT_PRODUCTS_DIR)/MarineBioViewController.app/MarineBioViewController";
			};
			name = Release;
		};
/* End XCBuildConfiguration section */

/* Begin XCConfigurationList section */
		9D6540BA1A817C5700F45F4B /* Build configuration list for PBXProject "MarineBioViewController" */ = {
			isa = XCConfigurationList;
			buildConfigurations = (
				9D6540DC1A817C5700F45F4B /* Debug */,
				9D6540DD1A817C5700F45F4B /* Release */,
			);
			defaultConfigurationIsVisible = 0;
			defaultConfigurationName = Release;
		};
		9D6540DE1A817C5700F45F4B /* Build configuration list for PBXNativeTarget "MarineBioViewController" */ = {
			isa = XCConfigurationList;
			buildConfigurations = (
				9D6540DF1A817C5700F45F4B /* Debug */,
				9D6540E01A817C5700F45F4B /* Release */,
			);
			defaultConfigurationIsVisible = 0;
			defaultConfigurationName = Release;
		};
		9D6540E11A817C5700F45F4B /* Build configuration list for PBXNativeTarget "MarineBioViewControllerTests" */ = {
			isa = XCConfigurationList;
			buildConfigurations = (
				9D6540E21A817C5700F45F4B /* Debug */,
				9D6540E31A817C5700F45F4B /* Release */,
			);
			defaultConfigurationIsVisible = 0;
			defaultConfigurationName = Release;
		};
/* End XCConfigurationList section */
	};
	rootObject = 9D6540B71A817C5700F45F4B /* Project object */;
}
